// !$*UTF8*$!
{
	archiveVersion = 1;
	classes = {
	};
	objectVersion = 46;
	objects = {

/* Begin PBXBuildFile section */
		774A484018BEF3F700894C1A /* Foundation.framework in Frameworks */ = {isa = PBXBuildFile; fileRef = 774A483F18BEF3F700894C1A /* Foundation.framework */; };
		774A484218BEF3F700894C1A /* CoreGraphics.framework in Frameworks */ = {isa = PBXBuildFile; fileRef = 774A484118BEF3F700894C1A /* CoreGraphics.framework */; };
		774A484418BEF3F700894C1A /* UIKit.framework in Frameworks */ = {isa = PBXBuildFile; fileRef = 774A484318BEF3F700894C1A /* UIKit.framework */; };
		774A484A18BEF3F700894C1A /* InfoPlist.strings in Resources */ = {isa = PBXBuildFile; fileRef = 774A484818BEF3F700894C1A /* InfoPlist.strings */; };
		774A484C18BEF3F700894C1A /* main.m in Sources */ = {isa = PBXBuildFile; fileRef = 774A484B18BEF3F700894C1A /* main.m */; };
		774A485018BEF3F700894C1A /* AppDelegate.m in Sources */ = {isa = PBXBuildFile; fileRef = 774A484F18BEF3F700894C1A /* AppDelegate.m */; };
		774A485318BEF3F700894C1A /* Main.storyboard in Resources */ = {isa = PBXBuildFile; fileRef = 774A485118BEF3F700894C1A /* Main.storyboard */; };
		774A485618BEF3F700894C1A /* ViewController.m in Sources */ = {isa = PBXBuildFile; fileRef = 774A485518BEF3F700894C1A /* ViewController.m */; };
		774A485818BEF3F700894C1A /* Images.xcassets in Resources */ = {isa = PBXBuildFile; fileRef = 774A485718BEF3F700894C1A /* Images.xcassets */; };
		774A485F18BEF3F700894C1A /* XCTest.framework in Frameworks */ = {isa = PBXBuildFile; fileRef = 774A485E18BEF3F700894C1A /* XCTest.framework */; };
		774A486018BEF3F700894C1A /* Foundation.framework in Frameworks */ = {isa = PBXBuildFile; fileRef = 774A483F18BEF3F700894C1A /* Foundation.framework */; };
		774A486118BEF3F700894C1A /* UIKit.framework in Frameworks */ = {isa = PBXBuildFile; fileRef = 774A484318BEF3F700894C1A /* UIKit.framework */; };
		774A486918BEF3F700894C1A /* InfoPlist.strings in Resources */ = {isa = PBXBuildFile; fileRef = 774A486718BEF3F700894C1A /* InfoPlist.strings */; };
		774A486B18BEF3F700894C1A /* xmlDemoTests.m in Sources */ = {isa = PBXBuildFile; fileRef = 774A486A18BEF3F700894C1A /* xmlDemoTests.m */; };
/* End PBXBuildFile section */

/* Begin PBXContainerItemProxy section */
		774A486218BEF3F700894C1A /* PBXContainerItemProxy */ = {
			isa = PBXContainerItemProxy;
			containerPortal = 774A483418BEF3F700894C1A /* Project object */;
			proxyType = 1;
			remoteGlobalIDString = 774A483B18BEF3F700894C1A;
			remoteInfo = xmlDemo;
		};
/* End PBXContainerItemProxy section */

/* Begin PBXFileReference section */
		774A483C18BEF3F700894C1A /* xmlDemo.app */ = {isa = PBXFileReference; explicitFileType = wrapper.application; includeInIndex = 0; path = xmlDemo.app; sourceTree = BUILT_PRODUCTS_DIR; };
		774A483F18BEF3F700894C1A /* Foundation.framework */ = {isa = PBXFileReference; lastKnownFileType = wrapper.framework; name = Foundation.framework; path = System/Library/Frameworks/Foundation.framework; sourceTree = SDKROOT; };
		774A484118BEF3F700894C1A /* CoreGraphics.framework */ = {isa = PBXFileReference; lastKnownFileType = wrapper.framework; name = CoreGraphics.framework; path = System/Library/Frameworks/CoreGraphics.framework; sourceTree = SDKROOT; };
		774A484318BEF3F700894C1A /* UIKit.framework */ = {isa = PBXFileReference; lastKnownFileType = wrapper.framework; name = UIKit.framework; path = System/Library/Frameworks/UIKit.framework; sourceTree = SDKROOT; };
		774A484718BEF3F700894C1A /* xmlDemo-Info.plist */ = {isa = PBXFileReference; lastKnownFileType = text.plist.xml; path = "xmlDemo-Info.plist"; sourceTree = "<group>"; };
		774A484918BEF3F700894C1A /* en */ = {isa = PBXFileReference; lastKnownFileType = text.plist.strings; name = en; path = en.lproj/InfoPlist.strings; sourceTree = "<group>"; };
		774A484B18BEF3F700894C1A /* main.m */ = {isa = PBXFileReference; lastKnownFileType = sourcecode.c.objc; path = main.m; sourceTree = "<group>"; };
		774A484D18BEF3F700894C1A /* xmlDemo-Prefix.pch */ = {isa = PBXFileReference; lastKnownFileType = sourcecode.c.h; path = "xmlDemo-Prefix.pch"; sourceTree = "<group>"; };
		774A484E18BEF3F700894C1A /* AppDelegate.h */ = {isa = PBXFileReference; lastKnownFileType = sourcecode.c.h; path = AppDelegate.h; sourceTree = "<group>"; };
		774A484F18BEF3F700894C1A /* AppDelegate.m */ = {isa = PBXFileReference; lastKnownFileType = sourcecode.c.objc; path = AppDelegate.m; sourceTree = "<group>"; };
		774A485218BEF3F700894C1A /* Base */ = {isa = PBXFileReference; lastKnownFileType = file.storyboard; name = Base; path = Base.lproj/Main.storyboard; sourceTree = "<group>"; };
		774A485418BEF3F700894C1A /* ViewController.h */ = {isa = PBXFileReference; lastKnownFileType = sourcecode.c.h; path = ViewController.h; sourceTree = "<group>"; };
		774A485518BEF3F700894C1A /* ViewController.m */ = {isa = PBXFileReference; lastKnownFileType = sourcecode.c.objc; path = ViewController.m; sourceTree = "<group>"; };
		774A485718BEF3F700894C1A /* Images.xcassets */ = {isa = PBXFileReference; lastKnownFileType = folder.assetcatalog; path = Images.xcassets; sourceTree = "<group>"; };
		774A485D18BEF3F700894C1A /* xmlDemoTests.xctest */ = {isa = PBXFileReference; explicitFileType = wrapper.cfbundle; includeInIndex = 0; path = xmlDemoTests.xctest; sourceTree = BUILT_PRODUCTS_DIR; };
		774A485E18BEF3F700894C1A /* XCTest.framework */ = {isa = PBXFileReference; lastKnownFileType = wrapper.framework; name = XCTest.framework; path = Library/Frameworks/XCTest.framework; sourceTree = DEVELOPER_DIR; };
		774A486618BEF3F700894C1A /* xmlDemoTests-Info.plist */ = {isa = PBXFileReference; lastKnownFileType = text.plist.xml; path = "xmlDemoTests-Info.plist"; sourceTree = "<group>"; };
		774A486818BEF3F700894C1A /* en */ = {isa = PBXFileReference; lastKnownFileType = text.plist.strings; name = en; path = en.lproj/InfoPlist.strings; sourceTree = "<group>"; };
		774A486A18BEF3F700894C1A /* xmlDemoTests.m */ = {isa = PBXFileReference; lastKnownFileType = sourcecode.c.objc; path = xmlDemoTests.m; sourceTree = "<group>"; };
/* End PBXFileReference section */

/* Begin PBXFrameworksBuildPhase section */
		774A483918BEF3F700894C1A /* Frameworks */ = {
			isa = PBXFrameworksBuildPhase;
			buildActionMask = 2147483647;
			files = (
				774A484218BEF3F700894C1A /* CoreGraphics.framework in Frameworks */,
				774A484418BEF3F700894C1A /* UIKit.framework in Frameworks */,
				774A484018BEF3F700894C1A /* Foundation.framework in Frameworks */,
			);
			runOnlyForDeploymentPostprocessing = 0;
		};
		774A485A18BEF3F700894C1A /* Frameworks */ = {
			isa = PBXFrameworksBuildPhase;
			buildActionMask = 2147483647;
			files = (
				774A485F18BEF3F700894C1A /* XCTest.framework in Frameworks */,
				774A486118BEF3F700894C1A /* UIKit.framework in Frameworks */,
				774A486018BEF3F700894C1A /* Foundation.framework in Frameworks */,
			);
			runOnlyForDeploymentPostprocessing = 0;
		};
/* End PBXFrameworksBuildPhase section */

/* Begin PBXGroup section */
		774A483318BEF3F700894C1A = {
			isa = PBXGroup;
			children = (
				774A484518BEF3F700894C1A /* xmlDemo */,
				774A486418BEF3F700894C1A /* xmlDemoTests */,
				774A483E18BEF3F700894C1A /* Frameworks */,
				774A483D18BEF3F700894C1A /* Products */,
			);
			sourceTree = "<group>";
		};
		774A483D18BEF3F700894C1A /* Products */ = {
			isa = PBXGroup;
			children = (
				774A483C18BEF3F700894C1A /* xmlDemo.app */,
				774A485D18BEF3F700894C1A /* xmlDemoTests.xctest */,
			);
			name = Products;
			sourceTree = "<group>";
		};
		774A483E18BEF3F700894C1A /* Frameworks */ = {
			isa = PBXGroup;
			children = (
				774A483F18BEF3F700894C1A /* Foundation.framework */,
				774A484118BEF3F700894C1A /* CoreGraphics.framework */,
				774A484318BEF3F700894C1A /* UIKit.framework */,
				774A485E18BEF3F700894C1A /* XCTest.framework */,
			);
			name = Frameworks;
			sourceTree = "<group>";
		};
		774A484518BEF3F700894C1A /* xmlDemo */ = {
			isa = PBXGroup;
			children = (
				774A484E18BEF3F700894C1A /* AppDelegate.h */,
				774A484F18BEF3F700894C1A /* AppDelegate.m */,
				774A485118BEF3F700894C1A /* Main.storyboard */,
				774A485418BEF3F700894C1A /* ViewController.h */,
				774A485518BEF3F700894C1A /* ViewController.m */,
				774A485718BEF3F700894C1A /* Images.xcassets */,
				774A484618BEF3F700894C1A /* Supporting Files */,
			);
			path = xmlDemo;
			sourceTree = "<group>";
		};
		774A484618BEF3F700894C1A /* Supporting Files */ = {
			isa = PBXGroup;
			children = (
				774A484718BEF3F700894C1A /* xmlDemo-Info.plist */,
				774A484818BEF3F700894C1A /* InfoPlist.strings */,
				774A484B18BEF3F700894C1A /* main.m */,
				774A484D18BEF3F700894C1A /* xmlDemo-Prefix.pch */,
			);
			name = "Supporting Files";
			sourceTree = "<group>";
		};
		774A486418BEF3F700894C1A /* xmlDemoTests */ = {
			isa = PBXGroup;
			children = (
				774A486A18BEF3F700894C1A /* xmlDemoTests.m */,
				774A486518BEF3F700894C1A /* Supporting Files */,
			);
			path = xmlDemoTests;
			sourceTree = "<group>";
		};
		774A486518BEF3F700894C1A /* Supporting Files */ = {
			isa = PBXGroup;
			children = (
				774A486618BEF3F700894C1A /* xmlDemoTests-Info.plist */,
				774A486718BEF3F700894C1A /* InfoPlist.strings */,
			);
			name = "Supporting Files";
			sourceTree = "<group>";
		};
/* End PBXGroup section */

/* Begin PBXNativeTarget section */
		774A483B18BEF3F700894C1A /* xmlDemo */ = {
			isa = PBXNativeTarget;
			buildConfigurationList = 774A486E18BEF3F700894C1A /* Build configuration list for PBXNativeTarget "xmlDemo" */;
			buildPhases = (
				774A483818BEF3F700894C1A /* Sources */,
				774A483918BEF3F700894C1A /* Frameworks */,
				774A483A18BEF3F700894C1A /* Resources */,
			);
			buildRules = (
			);
			dependencies = (
			);
			name = xmlDemo;
			productName = xmlDemo;
			productReference = 774A483C18BEF3F700894C1A /* xmlDemo.app */;
			productType = "com.apple.product-type.application";
		};
		774A485C18BEF3F700894C1A /* xmlDemoTests */ = {
			isa = PBXNativeTarget;
			buildConfigurationList = 774A487118BEF3F700894C1A /* Build configuration list for PBXNativeTarget "xmlDemoTests" */;
			buildPhases = (
				774A485918BEF3F700894C1A /* Sources */,
				774A485A18BEF3F700894C1A /* Frameworks */,
				774A485B18BEF3F700894C1A /* Resources */,
			);
			buildRules = (
			);
			dependencies = (
				774A486318BEF3F700894C1A /* PBXTargetDependency */,
			);
			name = xmlDemoTests;
			productName = xmlDemoTests;
			productReference = 774A485D18BEF3F700894C1A /* xmlDemoTests.xctest */;
			productType = "com.apple.product-type.bundle.unit-test";
		};
/* End PBXNativeTarget section */

/* Begin PBXProject section */
		774A483418BEF3F700894C1A /* Project object */ = {
			isa = PBXProject;
			attributes = {
				LastUpgradeCheck = 0500;
				ORGANIZATIONNAME = Magneto;
				TargetAttributes = {
					774A485C18BEF3F700894C1A = {
						TestTargetID = 774A483B18BEF3F700894C1A;
					};
				};
			};
			buildConfigurationList = 774A483718BEF3F700894C1A /* Build configuration list for PBXProject "xmlDemo" */;
			compatibilityVersion = "Xcode 3.2";
			developmentRegion = English;
			hasScannedForEncodings = 0;
			knownRegions = (
				en,
				Base,
			);
			mainGroup = 774A483318BEF3F700894C1A;
			productRefGroup = 774A483D18BEF3F700894C1A /* Products */;
			projectDirPath = "";
			projectRoot = "";
			targets = (
				774A483B18BEF3F700894C1A /* xmlDemo */,
				774A485C18BEF3F700894C1A /* xmlDemoTests */,
			);
		};
/* End PBXProject section */

/* Begin PBXResourcesBuildPhase section */
		774A483A18BEF3F700894C1A /* Resources */ = {
			isa = PBXResourcesBuildPhase;
			buildActionMask = 2147483647;
			files = (
				774A485818BEF3F700894C1A /* Images.xcassets in Resources */,
				774A484A18BEF3F700894C1A /* InfoPlist.strings in Resources */,
				774A485318BEF3F700894C1A /* Main.storyboard in Resources */,
			);
			runOnlyForDeploymentPostprocessing = 0;
		};
		774A485B18BEF3F700894C1A /* Resources */ = {
			isa = PBXResourcesBuildPhase;
			buildActionMask = 2147483647;
			files = (
				774A486918BEF3F700894C1A /* InfoPlist.strings in Resources */,
			);
			runOnlyForDeploymentPostprocessing = 0;
		};
/* End PBXResourcesBuildPhase section */

/* Begin PBXSourcesBuildPhase section */
		774A483818BEF3F700894C1A /* Sources */ = {
			isa = PBXSourcesBuildPhase;
			buildActionMask = 2147483647;
			files = (
				774A485618BEF3F700894C1A /* ViewController.m in Sources */,
				774A485018BEF3F700894C1A /* AppDelegate.m in Sources */,
				774A484C18BEF3F700894C1A /* main.m in Sources */,
			);
			runOnlyForDeploymentPostprocessing = 0;
		};
		774A485918BEF3F700894C1A /* Sources */ = {
			isa = PBXSourcesBuildPhase;
			buildActionMask = 2147483647;
			files = (
				774A486B18BEF3F700894C1A /* xmlDemoTests.m in Sources */,
			);
			runOnlyForDeploymentPostprocessing = 0;
		};
/* End PBXSourcesBuildPhase section */

/* Begin PBXTargetDependency section */
		774A486318BEF3F700894C1A /* PBXTargetDependency */ = {
			isa = PBXTargetDependency;
			target = 774A483B18BEF3F700894C1A /* xmlDemo */;
			targetProxy = 774A486218BEF3F700894C1A /* PBXContainerItemProxy */;
		};
/* End PBXTargetDependency section */

/* Begin PBXVariantGroup section */
		774A484818BEF3F700894C1A /* InfoPlist.strings */ = {
			isa = PBXVariantGroup;
			children = (
				774A484918BEF3F700894C1A /* en */,
			);
			name = InfoPlist.strings;
			sourceTree = "<group>";
		};
		774A485118BEF3F700894C1A /* Main.storyboard */ = {
			isa = PBXVariantGroup;
			children = (
				774A485218BEF3F700894C1A /* Base */,
			);
			name = Main.storyboard;
			sourceTree = "<group>";
		};
		774A486718BEF3F700894C1A /* InfoPlist.strings */ = {
			isa = PBXVariantGroup;
			children = (
				774A486818BEF3F700894C1A /* en */,
			);
			name = InfoPlist.strings;
			sourceTree = "<group>";
		};
/* End PBXVariantGroup section */

/* Begin XCBuildConfiguration section */
		774A486C18BEF3F700894C1A /* Debug */ = {
			isa = XCBuildConfiguration;
			buildSettings = {
				ALWAYS_SEARCH_USER_PATHS = NO;
				ARCHS = "$(ARCHS_STANDARD_INCLUDING_64_BIT)";
				CLANG_CXX_LANGUAGE_STANDARD = "gnu++0x";
				CLANG_CXX_LIBRARY = "libc++";
				CLANG_ENABLE_MODULES = YES;
				CLANG_ENABLE_OBJC_ARC = YES;
				CLANG_WARN_BOOL_CONVERSION = YES;
				CLANG_WARN_CONSTANT_CONVERSION = YES;
				CLANG_WARN_DIRECT_OBJC_ISA_USAGE = YES_ERROR;
				CLANG_WARN_EMPTY_BODY = YES;
				CLANG_WARN_ENUM_CONVERSION = YES;
				CLANG_WARN_INT_CONVERSION = YES;
				CLANG_WARN_OBJC_ROOT_CLASS = YES_ERROR;
				CLANG_WARN__DUPLICATE_METHOD_MATCH = YES;
				"CODE_SIGN_IDENTITY[sdk=iphoneos*]" = "iPhone Developer";
				COPY_PHASE_STRIP = NO;
				GCC_C_LANGUAGE_STANDARD = gnu99;
				GCC_DYNAMIC_NO_PIC = NO;
				GCC_OPTIMIZATION_LEVEL = 0;
				GCC_PREPROCESSOR_DEFINITIONS = (
					"DEBUG=1",
					"$(inherited)",
				);
				GCC_SYMBOLS_PRIVATE_EXTERN = NO;
				GCC_WARN_64_TO_32_BIT_CONVERSION = YES;
				GCC_WARN_ABOUT_RETURN_TYPE = YES_ERROR;
				GCC_WARN_UNDECLARED_SELECTOR = YES;
				GCC_WARN_UNINITIALIZED_AUTOS = YES;
				GCC_WARN_UNUSED_FUNCTION = YES;
				GCC_WARN_UNUSED_VARIABLE = YES;
				IPHONEOS_DEPLOYMENT_TARGET = 7.0;
				ONLY_ACTIVE_ARCH = YES;
				SDKROOT = iphoneos;
			};
			name = Debug;
		};
		774A486D18BEF3F700894C1A /* Release */ = {
			isa = XCBuildConfiguration;
			buildSettings = {
				ALWAYS_SEARCH_USER_PATHS = NO;
				ARCHS = "$(ARCHS_STANDARD_INCLUDING_64_BIT)";
				CLANG_CXX_LANGUAGE_STANDARD = "gnu++0x";
				CLANG_CXX_LIBRARY = "libc++";
				CLANG_ENABLE_MODULES = YES;
				CLANG_ENABLE_OBJC_ARC = YES;
				CLANG_WARN_BOOL_CONVERSION = YES;
				CLANG_WARN_CONSTANT_CONVERSION = YES;
				CLANG_WARN_DIRECT_OBJC_ISA_USAGE = YES_ERROR;
				CLANG_WARN_EMPTY_BODY = YES;
				CLANG_WARN_ENUM_CONVERSION = YES;
				CLANG_WARN_INT_CONVERSION = YES;
				CLANG_WARN_OBJC_ROOT_CLASS = YES_ERROR;
				CLANG_WARN__DUPLICATE_METHOD_MATCH = YES;
				"CODE_SIGN_IDENTITY[sdk=iphoneos*]" = "iPhone Developer";
				COPY_PHASE_STRIP = YES;
				ENABLE_NS_ASSERTIONS = NO;
				GCC_C_LANGUAGE_STANDARD = gnu99;
				GCC_WARN_64_TO_32_BIT_CONVERSION = YES;
				GCC_WARN_ABOUT_RETURN_TYPE = YES_ERROR;
				GCC_WARN_UNDECLARED_SELECTOR = YES;
				GCC_WARN_UNINITIALIZED_AUTOS = YES;
				GCC_WARN_UNUSED_FUNCTION = YES;
				GCC_WARN_UNUSED_VARIABLE = YES;
				IPHONEOS_DEPLOYMENT_TARGET = 7.0;
				SDKROOT = iphoneos;
				VALIDATE_PRODUCT = YES;
			};
			name = Release;
		};
		774A486F18BEF3F700894C1A /* Debug */ = {
			isa = XCBuildConfiguration;
			buildSettings = {
				ASSETCATALOG_COMPILER_APPICON_NAME = AppIcon;
				ASSETCATALOG_COMPILER_LAUNCHIMAGE_NAME = LaunchImage;
				GCC_PRECOMPILE_PREFIX_HEADER = YES;
				GCC_PREFIX_HEADER = "xmlDemo/xmlDemo-Prefix.pch";
				INFOPLIST_FILE = "xmlDemo/xmlDemo-Info.plist";
				PRODUCT_NAME = "$(TARGET_NAME)";
				WRAPPER_EXTENSION = app;
			};
			name = Debug;
		};
		774A487018BEF3F700894C1A /* Release */ = {
			isa = XCBuildConfiguration;
			buildSettings = {
				ASSETCATALOG_COMPILER_APPICON_NAME = AppIcon;
				ASSETCATALOG_COMPILER_LAUNCHIMAGE_NAME = LaunchImage;
				GCC_PRECOMPILE_PREFIX_HEADER = YES;
				GCC_PREFIX_HEADER = "xmlDemo/xmlDemo-Prefix.pch";
				INFOPLIST_FILE = "xmlDemo/xmlDemo-Info.plist";
				PRODUCT_NAME = "$(TARGET_NAME)";
				WRAPPER_EXTENSION = app;
			};
			name = Release;
		};
		774A487218BEF3F700894C1A /* Debug */ = {
			isa = XCBuildConfiguration;
			buildSettings = {
				ARCHS = "$(ARCHS_STANDARD_INCLUDING_64_BIT)";
				BUNDLE_LOADER = "$(BUILT_PRODUCTS_DIR)/xmlDemo.app/xmlDemo";
				FRAMEWORK_SEARCH_PATHS = (
					"$(SDKROOT)/Developer/Library/Frameworks",
					"$(inherited)",
					"$(DEVELOPER_FRAMEWORKS_DIR)",
				);
				GCC_PRECOMPILE_PREFIX_HEADER = YES;
				GCC_PREFIX_HEADER = "xmlDemo/xmlDemo-Prefix.pch";
				GCC_PREPROCESSOR_DEFINITIONS = (
					"DEBUG=1",
					"$(inherited)",
				);
				INFOPLIST_FILE = "xmlDemoTests/xmlDemoTests-Info.plist";
				PRODUCT_NAME = "$(TARGET_NAME)";
				TEST_HOST = "$(BUNDLE_LOADER)";
				WRAPPER_EXTENSION = xctest;
			};
			name = Debug;
		};
		774A487318BEF3F700894C1A /* Release */ = {
			isa = XCBuildConfiguration;
			buildSettings = {
				ARCHS = "$(ARCHS_STANDARD_INCLUDING_64_BIT)";
				BUNDLE_LOADER = "$(BUILT_PRODUCTS_DIR)/xmlDemo.app/xmlDemo";
				FRAMEWORK_SEARCH_PATHS = (
					"$(SDKROOT)/Developer/Library/Frameworks",
					"$(inherited)",
					"$(DEVELOPER_FRAMEWORKS_DIR)",
				);
				GCC_PRECOMPILE_PREFIX_HEADER = YES;
				GCC_PREFIX_HEADER = "xmlDemo/xmlDemo-Prefix.pch";
				INFOPLIST_FILE = "xmlDemoTests/xmlDemoTests-Info.plist";
				PRODUCT_NAME = "$(TARGET_NAME)";
				TEST_HOST = "$(BUNDLE_LOADER)";
				WRAPPER_EXTENSION = xctest;
			};
			name = Release;
		};
/* End XCBuildConfiguration section */

/* Begin XCConfigurationList section */
		774A483718BEF3F700894C1A /* Build configuration list for PBXProject "xmlDemo" */ = {
			isa = XCConfigurationList;
			buildConfigurations = (
				774A486C18BEF3F700894C1A /* Debug */,
				774A486D18BEF3F700894C1A /* Release */,
			);
			defaultConfigurationIsVisible = 0;
			defaultConfigurationName = Release;
		};
		774A486E18BEF3F700894C1A /* Build configuration list for PBXNativeTarget "xmlDemo" */ = {
			isa = XCConfigurationList;
			buildConfigurations = (
				774A486F18BEF3F700894C1A /* Debug */,
				774A487018BEF3F700894C1A /* Release */,
			);
			defaultConfigurationIsVisible = 0;
		};
		774A487118BEF3F700894C1A /* Build configuration list for PBXNativeTarget "xmlDemoTests" */ = {
			isa = XCConfigurationList;
			buildConfigurations = (
				774A487218BEF3F700894C1A /* Debug */,
				774A487318BEF3F700894C1A /* Release */,
			);
			defaultConfigurationIsVisible = 0;
		};
/* End XCConfigurationList section */
	};
	rootObject = 774A483418BEF3F700894C1A /* Project object */;
}
